
Microsoft Visual Studio Solution File, Format Version 12.00
# Visual Studio 15
VisualStudioVersion = 15.0.27703.2042
MinimumVisualStudioVersion = 10.0.40219.1
Project("{9A19103F-16F7-4668-BE54-9A1E7A4F7556}") = "WebApplication6", "WebApplication6\WebApplication6.csproj", "{4620B2DA-900E-4453-BC0B-CB53D8B1E173}"
EndProject
Global
	GlobalSection(SolutionConfigurationPlatforms) = preSolution
		Debug|Any CPU = Debug|Any CPU
		Release|Any CPU = Release|Any CPU
	EndGlobalSection
	GlobalSection(ProjectConfigurationPlatforms) = postSolution
		{4620B2DA-900E-4453-BC0B-CB53D8B1E173}.Debug|Any CPU.ActiveCfg = Debug|Any CPU
		{4620B2DA-900E-4453-BC0B-CB53D8B1E173}.Debug|Any CPU.Build.0 = Debug|Any CPU
		{4620B2DA-900E-4453-BC0B-CB53D8B1E173}.Release|Any CPU.ActiveCfg = Release|Any CPU
		{4620B2DA-900E-4453-BC0B-CB53D8B1E173}.Release|Any CPU.Build.0 = Release|Any CPU
	EndGlobalSection
	GlobalSection(SolutionProperties) = preSolution
		HideSolutionNode = FALSE
	EndGlobalSection
	GlobalSection(ExtensibilityGlobals) = postSolution
		SolutionGuid = {41E6F913-995C-49A4-A3CD-A770495385CC}
	EndGlobalSection
EndGlobal
